
Microsoft Visual Studio Solution File, Format Version 12.00
# Visual Studio Version 16
VisualStudioVersion = 16.0.30114.105
MinimumVisualStudioVersion = 10.0.40219.1
Project("{F184B08F-C81C-45F6-A57F-5ABD9991F28F}") = "Lab2_Mohammad_Arshian", "Lab2_Mohammad_Arshian.vbproj", "{B28B0354-5A6D-4036-A3FE-11D5355B2A78}"
EndProject
Global
	GlobalSection(SolutionConfigurationPlatforms) = preSolution
		Debug|Any CPU = Debug|Any CPU
		Release|Any CPU = Release|Any CPU
	EndGlobalSection
	GlobalSection(ProjectConfigurationPlatforms) = postSolution
		{B28B0354-5A6D-4036-A3FE-11D5355B2A78}.Debug|Any CPU.ActiveCfg = Debug|Any CPU
		{B28B0354-5A6D-4036-A3FE-11D5355B2A78}.Debug|Any CPU.Build.0 = Debug|Any CPU
		{B28B0354-5A6D-4036-A3FE-11D5355B2A78}.Release|Any CPU.ActiveCfg = Release|Any CPU
		{B28B0354-5A6D-4036-A3FE-11D5355B2A78}.Release|Any CPU.Build.0 = Release|Any CPU
	EndGlobalSection
	GlobalSection(SolutionProperties) = preSolution
		HideSolutionNode = FALSE
	EndGlobalSection
	GlobalSection(ExtensibilityGlobals) = postSolution
		SolutionGuid = {6D0C00F3-7737-48F9-AC32-F14DBC906DFC}
	EndGlobalSection
EndGlobal
