
Microsoft Visual Studio Solution File, Format Version 12.00
# Visual Studio Version 16
VisualStudioVersion = 16.0.30114.105
MinimumVisualStudioVersion = 10.0.40219.1
Project("{F184B08F-C81C-45F6-A57F-5ABD9991F28F}") = "Exam", "Exam.vbproj", "{A5853D23-1768-40BE-88DF-346A61A97BBF}"
EndProject
Global
	GlobalSection(SolutionConfigurationPlatforms) = preSolution
		Debug|Any CPU = Debug|Any CPU
		Release|Any CPU = Release|Any CPU
	EndGlobalSection
	GlobalSection(ProjectConfigurationPlatforms) = postSolution
		{A5853D23-1768-40BE-88DF-346A61A97BBF}.Debug|Any CPU.ActiveCfg = Debug|Any CPU
		{A5853D23-1768-40BE-88DF-346A61A97BBF}.Debug|Any CPU.Build.0 = Debug|Any CPU
		{A5853D23-1768-40BE-88DF-346A61A97BBF}.Release|Any CPU.ActiveCfg = Release|Any CPU
		{A5853D23-1768-40BE-88DF-346A61A97BBF}.Release|Any CPU.Build.0 = Release|Any CPU
	EndGlobalSection
	GlobalSection(SolutionProperties) = preSolution
		HideSolutionNode = FALSE
	EndGlobalSection
	GlobalSection(ExtensibilityGlobals) = postSolution
		SolutionGuid = {2E1A6AEA-B9D7-4878-B618-6F66D136F79D}
	EndGlobalSection
EndGlobal
